PODS:
  - device_info (0.0.1):
    - Flutter
  - Flutter (1.0.0)
  - shared_preferences (0.0.1):
    - Flutter
  - url_launcher (0.0.1):
    - Flutter
  - webview_flutter (0.0.1):
    - Flutter

DEPENDENCIES:
  - device_info (from `.symlinks/plugins/device_info/ios`)
  - Flutter (from `.symlinks/flutter/ios`)
  - shared_preferences (from `.symlinks/plugins/shared_preferences/ios`)
  - url_launcher (from `.symlinks/plugins/url_launcher/ios`)
  - webview_flutter (from `.symlinks/plugins/webview_flutter/ios`)

EXTERNAL SOURCES:
  device_info:
    :path: ".symlinks/plugins/device_info/ios"
  Flutter:
    :path: ".symlinks/flutter/ios"
  shared_preferences:
    :path: ".symlinks/plugins/shared_preferences/ios"
  url_launcher:
    :path: ".symlinks/plugins/url_launcher/ios"
  webview_flutter:
    :path: ".symlinks/plugins/webview_flutter/ios"

SPEC CHECKSUMS:
  device_info: cbf09d2ec12aa7110e0b09fabe54b5bd6c8efe74
  Flutter: 0e3d915762c693b495b44d77113d4970485de6ec
  shared_preferences: 430726339841afefe5142b9c1f50cb6bd7793e01
  url_launcher: a1c0cc845906122c4784c542523d8cacbded5626
  webview_flutter: db3aba222b23e4dc432e0c5882834123dc50ff9f

PODFILE CHECKSUM: 7fb83752f59ead6285236625b82473f90b1cb932

COCOAPODS: 1.8.0.beta.2
